
Microsoft Visual Studio Solution File, Format Version 12.00
# Visual Studio Version 16
VisualStudioVersion = 16.0.31019.35
MinimumVisualStudioVersion = 10.0.40219.1
Project("{FAE04EC0-301F-11D3-BF4B-00C04F79EFBC}") = "semaforo", "semaforo _ siga o mestre\semaforo.csproj", "{400EDE86-3AD4-4F54-A4DB-30A72601D762}"
EndProject
Project("{FAE04EC0-301F-11D3-BF4B-00C04F79EFBC}") = "siga o mestre", "siga o mestre\siga o mestre.csproj", "{F19C941F-3A1D-4F3F-A028-F66778D2367C}"
EndProject
Global
	GlobalSection(SolutionConfigurationPlatforms) = preSolution
		Debug|Any CPU = Debug|Any CPU
		Release|Any CPU = Release|Any CPU
	EndGlobalSection
	GlobalSection(ProjectConfigurationPlatforms) = postSolution
		{400EDE86-3AD4-4F54-A4DB-30A72601D762}.Debug|Any CPU.ActiveCfg = Debug|Any CPU
		{400EDE86-3AD4-4F54-A4DB-30A72601D762}.Debug|Any CPU.Build.0 = Debug|Any CPU
		{400EDE86-3AD4-4F54-A4DB-30A72601D762}.Release|Any CPU.ActiveCfg = Release|Any CPU
		{400EDE86-3AD4-4F54-A4DB-30A72601D762}.Release|Any CPU.Build.0 = Release|Any CPU
		{F19C941F-3A1D-4F3F-A028-F66778D2367C}.Debug|Any CPU.ActiveCfg = Debug|Any CPU
		{F19C941F-3A1D-4F3F-A028-F66778D2367C}.Debug|Any CPU.Build.0 = Debug|Any CPU
		{F19C941F-3A1D-4F3F-A028-F66778D2367C}.Release|Any CPU.ActiveCfg = Release|Any CPU
		{F19C941F-3A1D-4F3F-A028-F66778D2367C}.Release|Any CPU.Build.0 = Release|Any CPU
	EndGlobalSection
	GlobalSection(SolutionProperties) = preSolution
		HideSolutionNode = FALSE
	EndGlobalSection
	GlobalSection(ExtensibilityGlobals) = postSolution
		SolutionGuid = {2EAB5C32-8A49-416A-A591-F6E206FC6316}
	EndGlobalSection
EndGlobal
